# This file is automatically @generated by Poetry 2.4.1 and should not be changed by hand.

[[package]]
name = "cloudpickle"
version = "3.1.2"
description = "Pickler class to extend the standard pickle.Pickler functionality"
optional = false
python-versions = ">=3.8"
groups = ["main"]
files = [
    {file = "cloudpickle-3.1.2-py3-none-any.whl", hash = "sha256:9acb47f6afd73f60dc1df93bb801b472f05ff42fa6c84167d25cb206be1fbf4a"},
    {file = "cloudpickle-3.1.2.tar.gz", hash = "sha256:7fda9eb655c9c230dab534f1983763de5835249750e85fbcef43aaa30a9a2414"},
]

[[package]]
name = "farama-notifications"
version = "0.0.6"
description = "Notifications for all Farama Foundation maintained libraries."
optional = false
python-versions = "*"
groups = ["main"]
files = [
    {file = "farama_notifications-0.0.6-py3-none-any.whl", hash = "sha256:f84839188efa1ce5bb361c2a84881b2dc2c0d0d7fb661ff00421820170930935"},
    {file = "farama_notifications-0.0.6.tar.gz", hash = "sha256:b19acac4bb41d76e59e03394b5dd165f4761c86fa327f56307a35cbee3b60158"},
]

[[package]]
name = "gymnasium"
version = "1.3.0"
description = "A standard API for reinforcement learning and a diverse set of reference environments (formerly Gym)."
optional = false
python-versions = ">=3.10"
groups = ["main"]
files = [
    {file = "gymnasium-1.3.0-py3-none-any.whl", hash = "sha256:6b8c159a8540dcbcb221722d7efda24d78ebbcbc3bd2ea1c2611aa2a34471fc2"},
    {file = "gymnasium-1.3.0.tar.gz", hash = "sha256:6939e86e835d6b71b6ba6bfd360487420876deafc79bfb7bacba83a7c446bcf3"},
]

[package.dependencies]
cloudpickle = ">=1.2.0"
farama-notifications = ">=0.0.1"
numpy = ">=1.21.0"
pygame-ce = {version = ">=2.1.3", optional = true, markers = "extra == \"classic-control\""}
typing-extensions = ">=4.3.0"

[package.extras]
all = ["ale_py (>=0.9)", "array-api-compat (>=1.11.0)", "array-api-compat (>=1.11.0)", "array-api-compat (>=1.11.0)", "box2d-py (==2.3.5)", "flax (>=0.5.0)", "imageio (>=2.14.1)", "jax (>=0.4.16)", "jaxlib (>=0.4.16)", "matplotlib (>=3.0)", "moviepy (>=1.0.0)", "mujoco (>=2.1.5)", "numpy (>=2.1)", "numpy (>=2.1)", "numpy (>=2.1)", "opencv-python (>=3.0)", "packaging (>=23.0)", "pygame-ce (>=2.1.3)", "pygame-ce (>=2.1.3)", "pygame-ce (>=2.1.3)", "swig (==4.*)", "torch (>=1.13.0)"]
array-api = ["array-api-compat (>=1.11.0)", "numpy (>=2.1)", "packaging (>=23.0)"]
atari = ["ale_py (>=0.9)"]
box2d = ["box2d (==2.3.10)", "pygame-ce (>=2.1.3)", "swig (==4.*)"]
classic-control = ["pygame-ce (>=2.1.3)", "pygame-ce (>=2.1.3)"]
jax = ["array-api-compat (>=1.11.0)", "flax (>=0.5.0)", "jax (>=0.4.16)", "jaxlib (>=0.4.16)", "numpy (>=2.1)"]
mujoco = ["imageio (>=2.14.1)", "mujoco (>=2.1.5)", "packaging (>=23.0)"]
other = ["matplotlib (>=3.0)", "moviepy (>=1.0.0)", "opencv-python (>=3.0)", "seaborn (>=0.13)"]
testing = ["array_api_extra (>=0.7.0)", "dill (>=0.3.7)", "pytest (>=7.1.3)", "scipy (>=1.7.3)"]
torch = ["array-api-compat (>=1.11.0)", "numpy (>=2.1)", "torch (>=1.13.0)"]
toy-text = ["pygame-ce (>=2.1.3)", "pygame-ce (>=2.1.3)"]

[[package]]
name = "numpy"
version = "2.5.0"
description = "Fundamental package for array computing in Python"
optional = false
python-versions = ">=3.12"
groups = ["main"]
files = [
    {file = "numpy-2.5.0-cp312-cp312-macosx_10_13_x86_64.whl", hash = "sha256:489780423903667933b4ed6197b6ec3b75ea5dd17d1d8f0f38d798feb6921561"},
    {file = "numpy-2.5.0-cp312-cp312-macosx_11_0_arm64.whl", hash = "sha256:ece55976ced6bca95a03ae2839e2e5ccffe8eb6a3e7022415645eb154a81e4e6"},
    {file = "numpy-2.5.0-cp312-cp312-macosx_14_0_arm64.whl", hash = "sha256:c83b664b0e6eee9594fa920cf0639d8af796606d3fad6cc70180c87e4b97c7be"},
    {file = "numpy-2.5.0-cp312-cp312-macosx_14_0_x86_64.whl", hash = "sha256:bf80333980bf37f523341ddd72c783f39d6829ec7736b9eb99086388a2d52cc2"},
    {file = "numpy-2.5.0-cp312-cp312-manylinux_2_27_aarch64.manylinux_2_28_aarch64.whl", hash = "sha256:a1a4874217b36d5ac8fc876f52e39df56f8182c88463e9e2dceabf7ca8b7efb8"},
    {file = "numpy-2.5.0-cp312-cp312-manylinux_2_27_x86_64.manylinux_2_28_x86_64.whl", hash = "sha256:aaa760137137e8d3c920d27927748215b56014f92667dc9b6c27dfc61249255a"},
    {file = "numpy-2.5.0-cp312-cp312-musllinux_1_2_aarch64.whl", hash = "sha256:7174ce8265fc7f7417d171c9ea8fe905220748893ea67a2a7abe726ec331c4b0"},
    {file = "numpy-2.5.0-cp312-cp312-musllinux_1_2_x86_64.whl", hash = "sha256:b8c3daaf99de52415d20b42f8e8155c78642cb04207d02f9d317a0dcf1b3fb54"},
    {file = "numpy-2.5.0-cp312-cp312-win32.whl", hash = "sha256:6206db0af545d73d068add6d992279145f158428d1da6cc49adc4b630c5d6ee5"},
    {file = "numpy-2.5.0-cp312-cp312-win_amd64.whl", hash = "sha256:6f2d6873e2940c860a309d21e25b1e69af6aaffdd80aa056b04c16380db1c4f2"},
    {file = "numpy-2.5.0-cp312-cp312-win_arm64.whl", hash = "sha256:a55e1eb2bca2cfd17a16b213c99dfc8502d47b0d494224d2122277d0400935ca"},
    {file = "numpy-2.5.0-cp313-cp313-macosx_10_13_x86_64.whl", hash = "sha256:520e6b8be0a4b65840ac8090d4f51cef4bed66e2b0894d5a520f099adc24a9b2"},
    {file = "numpy-2.5.0-cp313-cp313-macosx_11_0_arm64.whl", hash = "sha256:146b81cdd3967fdb6beca8ba25f00c58741d8f3cbd797f55af0fbe0bfec3469c"},
    {file = "numpy-2.5.0-cp313-cp313-macosx_14_0_arm64.whl", hash = "sha256:126b88d95e8ff9b00c9e717aa540469f21d6180162f84c0caec51b16215d49cd"},
    {file = "numpy-2.5.0-cp313-cp313-macosx_14_0_x86_64.whl", hash = "sha256:d4313cef1594c5ce46c31b6e54e918338f63f16ee9322304e8c9114d6d81c8bd"},
    {file = "numpy-2.5.0-cp313-cp313-manylinux_2_27_aarch64.manylinux_2_28_aarch64.whl", hash = "sha256:750fb097caf26fa878746d9d119f6f9da12dedcbff1eea966c3e3447647c4a9e"},
    {file = "numpy-2.5.0-cp313-cp313-manylinux_2_27_x86_64.manylinux_2_28_x86_64.whl", hash = "sha256:3893adc2dc7c0412ba76777db55a049215d99c9aa3113003be8f49f4f1290ab9"},
    {file = "numpy-2.5.0-cp313-cp313-musllinux_1_2_aarch64.whl", hash = "sha256:835e454dd99b238cdc5a3f63bce2371296f5ebc53ca1e0f8e6ddbb6d92a29aab"},
    {file = "numpy-2.5.0-cp313-cp313-musllinux_1_2_x86_64.whl", hash = "sha256:6f9836778081a0a3c02a6a21493f3e9f5b311f8d2541934f31f05583dc999ea4"},
    {file = "numpy-2.5.0-cp313-cp313-win32.whl", hash = "sha256:0b525be4744b60bb0557ac872d53ef07d085b5f39622bc579c98d3809d05b988"},
    {file = "numpy-2.5.0-cp313-cp313-win_amd64.whl", hash = "sha256:44353e2878930039db472b99dc353d749826e4010bd4d2a7f835e94a97a5c748"},
    {file = "numpy-2.5.0-cp313-cp313-win_arm64.whl", hash = "sha256:48f54b00711f83a5f796b70c518e8c2b3c5848dda03a54911f23eb68519b9b60"},
    {file = "numpy-2.5.0-cp314-cp314-macosx_10_15_x86_64.whl", hash = "sha256:f27582c55ba4c750b7c58c8faf021d2cd9324a662b466229db8a417b41368af9"},
    {file = "numpy-2.5.0-cp314-cp314-macosx_11_0_arm64.whl", hash = "sha256:28e7137057d551e4a83c4ae414e3451f50568409db7569aacc7f9811ee06a446"},
    {file = "numpy-2.5.0-cp314-cp314-macosx_14_0_arm64.whl", hash = "sha256:e1da54b53e75cd9fcfc23efcc7edab2c6aecf97b6037566d8a0fe804af8ec57c"},
    {file = "numpy-2.5.0-cp314-cp314-macosx_14_0_x86_64.whl", hash = "sha256:694d8f74e156f7fd01179f1aa8faa2f648ab6ae0f70b6c3fe57a03249aea2303"},
    {file = "numpy-2.5.0-cp314-cp314-manylinux_2_27_aarch64.manylinux_2_28_aarch64.whl", hash = "sha256:1a7569a7b53c77716f036bb28cb1c91f166a26ec7d9502cd1e4bdfe502fdec22"},
    {file = "numpy-2.5.0-cp314-cp314-manylinux_2_27_x86_64.manylinux_2_28_x86_64.whl", hash = "sha256:39a0433bd4086ebd462960cf375e19195bb07b53dc1d87dd5fcf47ad78576f03"},
    {file = "numpy-2.5.0-cp314-cp314-musllinux_1_2_aarch64.whl", hash = "sha256:929f0c79ac38bcbd7154fe631dc907abfeddbcc5027a896bd1f7767323271e7a"},
    {file = "numpy-2.5.0-cp314-cp314-musllinux_1_2_x86_64.whl", hash = "sha256:cc4f247a47bbf070bfd70be53ccdcf47b800af563535e7bbe172322197c30e21"},
    {file = "numpy-2.5.0-cp314-cp314-win32.whl", hash = "sha256:5dc71423499fab3f46f7a7201155ade1669ea101f2f429d332df9e72f8161731"},
    {file = "numpy-2.5.0-cp314-cp314-win_amd64.whl", hash = "sha256:ebb81d9d5443e0309d6c54894c3fbed74ad7da0714352a67b6d773cd189eae73"},
    {file = "numpy-2.5.0-cp314-cp314-win_arm64.whl", hash = "sha256:3b94d0d0deceebfad3e67ae5c0e5eb87371e8f7a0581cd04a779928c2450cf1e"},
    {file = "numpy-2.5.0-cp314-cp314t-macosx_11_0_arm64.whl", hash = "sha256:22f3d43e362d650bc39db1f17851302874a148ca95ba6981c1dfb5fa6862f35b"},
    {file = "numpy-2.5.0-cp314-cp314t-macosx_14_0_arm64.whl", hash = "sha256:243563efb4cd7528a264567e9fd206c87826457322521d06206a00bfa316c927"},
    {file = "numpy-2.5.0-cp314-cp314t-macosx_14_0_x86_64.whl", hash = "sha256:84881d825ca75249b189bbee875fcfe3238aa5c479e6100893cda566e8e86826"},
    {file = "numpy-2.5.0-cp314-cp314t-manylinux_2_27_aarch64.manylinux_2_28_aarch64.whl", hash = "sha256:cda12aa4779d42b8771180aba759c96f527d43446d8f380ab59e2b35e8489efd"},
    {file = "numpy-2.5.0-cp314-cp314t-manylinux_2_27_x86_64.manylinux_2_28_x86_64.whl", hash = "sha256:1c0121101093d2bd74981b10f8837d78e794a8ff57834eb27179f49e1ba11ac6"},
    {file = "numpy-2.5.0-cp314-cp314t-musllinux_1_2_aarch64.whl", hash = "sha256:d371c92cfa09da00022f501ab67fafaea813d752eb30ac44336d45b1e5b0268a"},
    {file = "numpy-2.5.0-cp314-cp314t-musllinux_1_2_x86_64.whl", hash = "sha256:9990713e9c38154c6861e7547f1e3fc7a87e75ff09bab24ef1cc81d81c2835e9"},
    {file = "numpy-2.5.0-cp314-cp314t-win32.whl", hash = "sha256:edadfbd4794b1086c0d822f81863e8a68fc129d132fd0bb9e31e955d7fbbbdb7"},
    {file = "numpy-2.5.0-cp314-cp314t-win_amd64.whl", hash = "sha256:f7e5fa4382967ae6548bd2f174219afb908e294b0d5f625af01166edd5f7d9aa"},
    {file = "numpy-2.5.0-cp314-cp314t-win_arm64.whl", hash = "sha256:016623417bb330d719d579daf2d6b9a01ddc52e41a9ed61a47f39fde46dcd865"},
    {file = "numpy-2.5.0.tar.gz", hash = "sha256:5a129578019311b6e56bdd714250f19b518f7dceeeb8d1af5490f4942d3f891c"},
]

[[package]]
name = "pygame-ce"
version = "2.5.7"
description = "Python Game Development"
optional = false
python-versions = ">=3.10"
groups = ["main"]
files = [
    {file = "pygame_ce-2.5.7-cp310-cp310-macosx_10_11_universal2.whl", hash = "sha256:77d7d27cc46b846c814f1d85366d5af066483917f26433a10a949e74f471dfeb"},
    {file = "pygame_ce-2.5.7-cp310-cp310-manylinux2014_aarch64.manylinux_2_17_aarch64.whl", hash = "sha256:9da68411fd4a1bb50375a40cc0ee5c0f83da51450acda8a87e7a83837670f657"},
    {file = "pygame_ce-2.5.7-cp310-cp310-manylinux2014_i686.manylinux_2_17_i686.whl", hash = "sha256:1f9a60af653f367807dc50059122a5f6cbd1b5de68233306421b0c3218bcc92d"},
    {file = "pygame_ce-2.5.7-cp310-cp310-manylinux2014_x86_64.manylinux_2_17_x86_64.whl", hash = "sha256:322052db99d25f7faca0502e0b2a905eb68c10ec5f7a1fd59803c4175f1d1269"},
    {file = "pygame_ce-2.5.7-cp310-cp310-win32.whl", hash = "sha256:275910c7f26baa7bf52b8e0ebd9301fe968806b9bd777506d6fc17e2bbcf3121"},
    {file = "pygame_ce-2.5.7-cp310-cp310-win_amd64.whl", hash = "sha256:de75f752d6a090839ebdc69b3365478d0f8a98ea02d1eee417a4a1436c1b5168"},
    {file = "pygame_ce-2.5.7-cp311-cp311-macosx_10_11_universal2.whl", hash = "sha256:903eab0a59563fd0d134e502a11c9f144d21dc93ee1f5b4b4eec31f8745142b4"},
    {file = "pygame_ce-2.5.7-cp311-cp311-manylinux2014_aarch64.manylinux_2_17_aarch64.whl", hash = "sha256:ec2f2d8c95d1a5c9bfc9ffbae4c356fd71bcbc4fde70e59e3d050261bacfe908"},
    {file = "pygame_ce-2.5.7-cp311-cp311-manylinux2014_i686.manylinux_2_17_i686.whl", hash = "sha256:a980109b5aee984b78c884d607d4a406a92b63a8a7044180d0e2f8a26a7276a7"},
    {file = "pygame_ce-2.5.7-cp311-cp311-manylinux2014_x86_64.manylinux_2_17_x86_64.whl", hash = "sha256:d35105bf5a453ffb64333bc3be685f8c55cbc4695c05733a68849a92345dcb45"},
    {file = "pygame_ce-2.5.7-cp311-cp311-win32.whl", hash = "sha256:ecac266ccd459e354d693f2150a065fc695a6ffcdf15eaca06709620bb837fea"},
    {file = "pygame_ce-2.5.7-cp311-cp311-win_amd64.whl", hash = "sha256:5ca51a671b5b6cfd747399f54fa91259d4b01980f517c9e8043f5c3e795f06ac"},
    {file = "pygame_ce-2.5.7-cp311-cp311-win_arm64.whl", hash = "sha256:1f5a7e5d08f26dc8e4a899be502e6ef06ac5a2800a442750267141bca7703ba7"},
    {file = "pygame_ce-2.5.7-cp312-cp312-macosx_10_13_universal2.whl", hash = "sha256:dca2f8ba56bf3b4b8c73c4863d0603773403f4f66bc2fe25784ea74aee3fffc3"},
    {file = "pygame_ce-2.5.7-cp312-cp312-manylinux2014_aarch64.manylinux_2_17_aarch64.whl", hash = "sha256:4dc989462faf2c5947881f708fa406d7ac13c1bc987c1588d630ca62ad369989"},
    {file = "pygame_ce-2.5.7-cp312-cp312-manylinux2014_i686.manylinux_2_17_i686.whl", hash = "sha256:538689d77c44f5dbefc0abeab5b9806d6c90ebc6d64078736c8a4c731f08b37e"},
    {file = "pygame_ce-2.5.7-cp312-cp312-manylinux2014_x86_64.manylinux_2_17_x86_64.whl", hash = "sha256:0d8fa8822c0f4b5ae6b44ada7be9f2193fd512da1381c37fa3c5bda8971d64cb"},
    {file = "pygame_ce-2.5.7-cp312-cp312-win32.whl", hash = "sha256:604207c8813a594919bb7e6d3ed3834f79aa099d2d648e8a8fc3d786ad3fa1c8"},
    {file = "pygame_ce-2.5.7-cp312-cp312-win_amd64.whl", hash = "sha256:b6b7eec2779fac11ed265a18ab926b3829654120a5c9a07c36eeedeb012b8c3c"},
    {file = "pygame_ce-2.5.7-cp312-cp312-win_arm64.whl", hash = "sha256:eb99a8a7185057064163610b3ca3e1d3307f0eb3dfff6e19556fa5132c6bca87"},
    {file = "pygame_ce-2.5.7-cp313-cp313-macosx_10_13_universal2.whl", hash = "sha256:8766985d802017e150fcfb9adc659967d8548a961d491b8974f0748412cc0427"},
    {file = "pygame_ce-2.5.7-cp313-cp313-manylinux2014_aarch64.manylinux_2_17_aarch64.whl", hash = "sha256:58eabfc184dd28c682e5e6ccfce01224bb12653c6648babcd0bb9d9bd662d938"},
    {file = "pygame_ce-2.5.7-cp313-cp313-manylinux2014_i686.manylinux_2_17_i686.whl", hash = "sha256:92d5732cd512c8ec0b47e9a3e6c683fb811bdf2090362580778ce698222a64ab"},
    {file = "pygame_ce-2.5.7-cp313-cp313-manylinux2014_x86_64.manylinux_2_17_x86_64.whl", hash = "sha256:48e9a4ece43b08adc8ffb0bbbe0fe183eef4bb501a7d31552ae7398592ec0a82"},
    {file = "pygame_ce-2.5.7-cp313-cp313-win32.whl", hash = "sha256:f6439100bdee81da96f5acffb280f20511c93dd67178d8a8cf29d6cfd1aa46dd"},
    {file = "pygame_ce-2.5.7-cp313-cp313-win_amd64.whl", hash = "sha256:25047c97760fc640a6a8bbfdf3398c5825adfd55986a7523a65c95a1fb61d759"},
    {file = "pygame_ce-2.5.7-cp313-cp313-win_arm64.whl", hash = "sha256:f5a7197096ef82d588539f13b0f7ade767f800c7b0b015a94e386f488e1039f6"},
    {file = "pygame_ce-2.5.7-cp314-cp314-macosx_10_15_universal2.whl", hash = "sha256:addfbf7d119647eec157d611f463e5d572836fa74d0d222c59210294ed618b9d"},
    {file = "pygame_ce-2.5.7-cp314-cp314-manylinux2014_aarch64.manylinux_2_17_aarch64.whl", hash = "sha256:1c92feb289e34ac323a7b62b91d230a4e32b44059c4d7fb95631e504b1d9b365"},
    {file = "pygame_ce-2.5.7-cp314-cp314-manylinux2014_x86_64.manylinux_2_17_x86_64.whl", hash = "sha256:5c1ed4100311015cc67d24fe4e4d7c2f4cb25c34e043545061271c1d018c02d4"},
    {file = "pygame_ce-2.5.7-cp314-cp314-win32.whl", hash = "sha256:1b7e641af3aeac92bb7e4df1402d6802271f4bd09c747d2665f154ef9b07a4e6"},
    {file = "pygame_ce-2.5.7-cp314-cp314-win_amd64.whl", hash = "sha256:595f4257c15fed11cd816ae0bfabad3d99f8f04a000d7d164a22c0f9afd6cb65"},
    {file = "pygame_ce-2.5.7-cp314-cp314-win_arm64.whl", hash = "sha256:3e6ce74fd5a5f146f1bcf0224ae3e880c733917a9edbb53f790329d235520433"},
    {file = "pygame_ce-2.5.7-pp311-pypy311_pp73-macosx_10_15_universal2.whl", hash = "sha256:8718bc75cd4ec4bd2b0b4862e5c615b119a45038e4572c9030731db3c6740cfe"},
    {file = "pygame_ce-2.5.7-pp311-pypy311_pp73-manylinux2014_aarch64.manylinux_2_17_aarch64.whl", hash = "sha256:6e4289438b0b530bbfa6e2a9088a5b4a9dc0524b6d60989c846e2c74cd149f77"},
    {file = "pygame_ce-2.5.7-pp311-pypy311_pp73-manylinux2014_i686.manylinux_2_17_i686.whl", hash = "sha256:01c48daf8fccb66e8750d5d26bf20e3f0dc484a5f7748fa98fd7e2ac69a2f7f5"},
    {file = "pygame_ce-2.5.7-pp311-pypy311_pp73-manylinux2014_x86_64.manylinux_2_17_x86_64.whl", hash = "sha256:8ac7120a6c39c042abdc6bd2f5491f7121936c68c425235b52dc451ed9583dbf"},
    {file = "pygame_ce-2.5.7-pp311-pypy311_pp73-win_amd64.whl", hash = "sha256:d79c4f961ffa89183380c4284914ed2f693591baec7fb92e42f05857dd8664bd"},
    {file = "pygame_ce-2.5.7.tar.gz", hash = "sha256:86beb797cd73c141299a29b56f7df2b0543fbdc81d428022458329ff694aaa51"},
]

[[package]]
name = "typing-extensions"
version = "4.15.0"
description = "Backported and Experimental Type Hints for Python 3.9+"
optional = false
python-versions = ">=3.9"
groups = ["main"]
files = [
    {file = "typing_extensions-4.15.0-py3-none-any.whl", hash = "sha256:f0fa19c6845758ab08074a0cfa8b7aecb71c999ca73d62883bc25cc018c4e548"},
    {file = "typing_extensions-4.15.0.tar.gz", hash = "sha256:0cea48d173cc12fa28ecabc3b837ea3cf6f38c6d1136f85cbaaf598984861466"},
]

[metadata]
lock-version = "2.1"
python-versions = ">=3.12"
content-hash = "d1043bd5a4b8f7ac9e03ea8a05505534419841afbffc44963afe93b88ec74151"
